{
  "name": "btstrap",
  "version": "1.0.0",
  "lockfileVersion": 1,
  "requires": true,
  "dependencies": {
    "bootstrap": {
      "version": "4.3.1",
      "resolved": "https://registry.npmjs.org/bootstrap/-/bootstrap-4.3.1.tgz",
      "integrity": "sha512-rXqOmH1VilAt2DyPzluTi2blhk17bO7ef+zLLPlWvG494pDxcM234pJ8wTc/6R40UWizAIIMgxjvxZg5kmsbag==",
      "dev": true
    },
    "smooth-scroll": {
      "version": "16.0.3",
      "resolved": "https://registry.npmjs.org/smooth-scroll/-/smooth-scroll-16.0.3.tgz",
      "integrity": "sha512-Wnhk3tWeqVJRrSUxeLQ4r7MNQvc9MNlswyWfKqAQ9cc37D8VqTco/CicWcdHzSFEC4/9/kPPK3uY6oyY+mdRYg==",
      "dev": true
    }
  }
}
